
Microsoft Visual Studio Solution File, Format Version 12.00
# Visual Studio Version 16
VisualStudioVersion = 16.0.30717.126
MinimumVisualStudioVersion = 10.0.40219.1
Project("{FAE04EC0-301F-11D3-BF4B-00C04F79EFBC}") = "SmartSchool.API", "SmartSchool.API\SmartSchool.API.csproj", "{B47D325B-B0B7-43AC-A59F-56B4B6BA6085}"
EndProject
Project("{2150E333-8FDC-42A3-9474-1A3956D46DE8}") = "Solution Items", "Solution Items", "{30776DDF-FE3C-45DB-BF6D-E5A1C08CBA0A}"
	ProjectSection(SolutionItems) = preProject
		.gitignore = .gitignore
	EndProjectSection
EndProject
Global
	GlobalSection(SolutionConfigurationPlatforms) = preSolution
		Debug|Any CPU = Debug|Any CPU
		Release|Any CPU = Release|Any CPU
	EndGlobalSection
	GlobalSection(ProjectConfigurationPlatforms) = postSolution
		{B47D325B-B0B7-43AC-A59F-56B4B6BA6085}.Debug|Any CPU.ActiveCfg = Debug|Any CPU
		{B47D325B-B0B7-43AC-A59F-56B4B6BA6085}.Debug|Any CPU.Build.0 = Debug|Any CPU
		{B47D325B-B0B7-43AC-A59F-56B4B6BA6085}.Release|Any CPU.ActiveCfg = Release|Any CPU
		{B47D325B-B0B7-43AC-A59F-56B4B6BA6085}.Release|Any CPU.Build.0 = Release|Any CPU
	EndGlobalSection
	GlobalSection(SolutionProperties) = preSolution
		HideSolutionNode = FALSE
	EndGlobalSection
	GlobalSection(ExtensibilityGlobals) = postSolution
		SolutionGuid = {46FC810A-8AED-4765-9182-D82B47CC4A52}
	EndGlobalSection
EndGlobal
